
Microsoft Visual Studio Solution File, Format Version 12.00
# Visual Studio Version 17
VisualStudioVersion = 17.5.33627.172
MinimumVisualStudioVersion = 10.0.40219.1
Project("{FAE04EC0-301F-11D3-BF4B-00C04F79EFBC}") = "Quote", "Quote\Quote.csproj", "{A1D42451-B328-4A8C-9596-4051A576565C}"
EndProject
Global
	GlobalSection(SolutionConfigurationPlatforms) = preSolution
		Debug|Any CPU = Debug|Any CPU
		Release|Any CPU = Release|Any CPU
	EndGlobalSection
	GlobalSection(ProjectConfigurationPlatforms) = postSolution
		{A1D42451-B328-4A8C-9596-4051A576565C}.Debug|Any CPU.ActiveCfg = Debug|Any CPU
		{A1D42451-B328-4A8C-9596-4051A576565C}.Debug|Any CPU.Build.0 = Debug|Any CPU
		{A1D42451-B328-4A8C-9596-4051A576565C}.Release|Any CPU.ActiveCfg = Release|Any CPU
		{A1D42451-B328-4A8C-9596-4051A576565C}.Release|Any CPU.Build.0 = Release|Any CPU
	EndGlobalSection
	GlobalSection(SolutionProperties) = preSolution
		HideSolutionNode = FALSE
	EndGlobalSection
	GlobalSection(ExtensibilityGlobals) = postSolution
		SolutionGuid = {1A7018CA-3AA5-4C8D-99D8-0F7C918D03C7}
	EndGlobalSection
EndGlobal
